
Microsoft Visual Studio Solution File, Format Version 12.00
# Visual Studio Version 16
VisualStudioVersion = 16.0.33027.164
MinimumVisualStudioVersion = 10.0.40219.1
Project("{FAE04EC0-301F-11D3-BF4B-00C04F79EFBC}") = "lab1ex5", "lab1ex5\lab1ex5.csproj", "{FDF2AF3C-BC04-442F-9A06-15036541134B}"
EndProject
Global
	GlobalSection(SolutionConfigurationPlatforms) = preSolution
		Debug|Any CPU = Debug|Any CPU
		Release|Any CPU = Release|Any CPU
	EndGlobalSection
	GlobalSection(ProjectConfigurationPlatforms) = postSolution
		{FDF2AF3C-BC04-442F-9A06-15036541134B}.Debug|Any CPU.ActiveCfg = Debug|Any CPU
		{FDF2AF3C-BC04-442F-9A06-15036541134B}.Debug|Any CPU.Build.0 = Debug|Any CPU
		{FDF2AF3C-BC04-442F-9A06-15036541134B}.Release|Any CPU.ActiveCfg = Release|Any CPU
		{FDF2AF3C-BC04-442F-9A06-15036541134B}.Release|Any CPU.Build.0 = Release|Any CPU
	EndGlobalSection
	GlobalSection(SolutionProperties) = preSolution
		HideSolutionNode = FALSE
	EndGlobalSection
	GlobalSection(ExtensibilityGlobals) = postSolution
		SolutionGuid = {A90CB36D-00A1-4A8D-845E-21A9BC2C8AF1}
	EndGlobalSection
EndGlobal
